// !$*UTF8*$!
{
	archiveVersion = 1;
	classes = {
	};
	objectVersion = 56;
	objects = {

/* Begin PBXBuildFile section */
		4A5EA81D29EC4C1C00724DBA /* BookView.swift in Sources */ = {isa = PBXBuildFile; fileRef = 4A5EA81C29EC4C1C00724DBA /* BookView.swift */; };
		4A5EA82029EC5BB700724DBA /* RatingStarsView.swift in Sources */ = {isa = PBXBuildFile; fileRef = 4A5EA81F29EC5BB700724DBA /* RatingStarsView.swift */; };
		4AA5A0ED29E1DACA00E2AB2E /* BiblioApp.swift in Sources */ = {isa = PBXBuildFile; fileRef = 4AA5A0EC29E1DACA00E2AB2E /* BiblioApp.swift */; };
		4AA5A0F129E1DACB00E2AB2E /* Assets.xcassets in Resources */ = {isa = PBXBuildFile; fileRef = 4AA5A0F029E1DACB00E2AB2E /* Assets.xcassets */; };
		4AA5A0F429E1DACB00E2AB2E /* Preview Assets.xcassets in Resources */ = {isa = PBXBuildFile; fileRef = 4AA5A0F329E1DACB00E2AB2E /* Preview Assets.xcassets */; };
		4AA7CD1629E1E7A6007E2126 /* BookSearchView.swift in Sources */ = {isa = PBXBuildFile; fileRef = 4AA7CD1529E1E7A6007E2126 /* BookSearchView.swift */; };
		4AA7CD1B29E204CE007E2126 /* SearchResponse.swift in Sources */ = {isa = PBXBuildFile; fileRef = 4AA7CD1A29E204CE007E2126 /* SearchResponse.swift */; };
		4AA7CD1F29E22FC7007E2126 /* BooksDisplayView.swift in Sources */ = {isa = PBXBuildFile; fileRef = 4AA7CD1E29E22FC7007E2126 /* BooksDisplayView.swift */; };
		4AA7CD2129E237FD007E2126 /* BookRowView.swift in Sources */ = {isa = PBXBuildFile; fileRef = 4AA7CD2029E237FD007E2126 /* BookRowView.swift */; };
		4AA9289929E37408001BA9BC /* BookSearchViewModel.swift in Sources */ = {isa = PBXBuildFile; fileRef = 4AA9289829E37408001BA9BC /* BookSearchViewModel.swift */; };
/* End PBXBuildFile section */

/* Begin PBXFileReference section */
		4A5EA81C29EC4C1C00724DBA /* BookView.swift */ = {isa = PBXFileReference; lastKnownFileType = sourcecode.swift; path = BookView.swift; sourceTree = "<group>"; };
		4A5EA81F29EC5BB700724DBA /* RatingStarsView.swift */ = {isa = PBXFileReference; lastKnownFileType = sourcecode.swift; path = RatingStarsView.swift; sourceTree = "<group>"; };
		4AA5A0E929E1DACA00E2AB2E /* Biblio.app */ = {isa = PBXFileReference; explicitFileType = wrapper.application; includeInIndex = 0; path = Biblio.app; sourceTree = BUILT_PRODUCTS_DIR; };
		4AA5A0EC29E1DACA00E2AB2E /* BiblioApp.swift */ = {isa = PBXFileReference; lastKnownFileType = sourcecode.swift; path = BiblioApp.swift; sourceTree = "<group>"; };
		4AA5A0F029E1DACB00E2AB2E /* Assets.xcassets */ = {isa = PBXFileReference; lastKnownFileType = folder.assetcatalog; path = Assets.xcassets; sourceTree = "<group>"; };
		4AA5A0F329E1DACB00E2AB2E /* Preview Assets.xcassets */ = {isa = PBXFileReference; lastKnownFileType = folder.assetcatalog; path = "Preview Assets.xcassets"; sourceTree = "<group>"; };
		4AA7CD1529E1E7A6007E2126 /* BookSearchView.swift */ = {isa = PBXFileReference; lastKnownFileType = sourcecode.swift; path = BookSearchView.swift; sourceTree = "<group>"; };
		4AA7CD1A29E204CE007E2126 /* SearchResponse.swift */ = {isa = PBXFileReference; lastKnownFileType = sourcecode.swift; path = SearchResponse.swift; sourceTree = "<group>"; };
		4AA7CD1E29E22FC7007E2126 /* BooksDisplayView.swift */ = {isa = PBXFileReference; lastKnownFileType = sourcecode.swift; path = BooksDisplayView.swift; sourceTree = "<group>"; };
		4AA7CD2029E237FD007E2126 /* BookRowView.swift */ = {isa = PBXFileReference; lastKnownFileType = sourcecode.swift; path = BookRowView.swift; sourceTree = "<group>"; };
		4AA9289629E3650B001BA9BC /* Info.plist */ = {isa = PBXFileReference; lastKnownFileType = text.plist; path = Info.plist; sourceTree = "<group>"; };
		4AA9289829E37408001BA9BC /* BookSearchViewModel.swift */ = {isa = PBXFileReference; lastKnownFileType = sourcecode.swift; path = BookSearchViewModel.swift; sourceTree = "<group>"; };
/* End PBXFileReference section */

/* Begin PBXFrameworksBuildPhase section */
		4AA5A0E629E1DACA00E2AB2E /* Frameworks */ = {
			isa = PBXFrameworksBuildPhase;
			buildActionMask = 2147483647;
			files = (
			);
			runOnlyForDeploymentPostprocessing = 0;
		};
/* End PBXFrameworksBuildPhase section */

/* Begin PBXGroup section */
		4A5EA81E29EC4C4C00724DBA /* Views */ = {
			isa = PBXGroup;
			children = (
				4AA7CD2029E237FD007E2126 /* BookRowView.swift */,
				4A5EA81F29EC5BB700724DBA /* RatingStarsView.swift */,
			);
			path = Views;
			sourceTree = "<group>";
		};
		4AA5A0E029E1DACA00E2AB2E = {
			isa = PBXGroup;
			children = (
				4AA5A0EB29E1DACA00E2AB2E /* Biblio */,
				4AA5A0EA29E1DACA00E2AB2E /* Products */,
			);
			sourceTree = "<group>";
		};
		4AA5A0EA29E1DACA00E2AB2E /* Products */ = {
			isa = PBXGroup;
			children = (
				4AA5A0E929E1DACA00E2AB2E /* Biblio.app */,
			);
			name = Products;
			sourceTree = "<group>";
		};
		4AA5A0EB29E1DACA00E2AB2E /* Biblio */ = {
			isa = PBXGroup;
			children = (
				4A5EA81E29EC4C4C00724DBA /* Views */,
				4AA9289629E3650B001BA9BC /* Info.plist */,
				4AA7CD1929E204AA007E2126 /* Models */,
				4AA7CD1729E20488007E2126 /* Screens */,
				4AA5A0EC29E1DACA00E2AB2E /* BiblioApp.swift */,
				4AA5A0F029E1DACB00E2AB2E /* Assets.xcassets */,
				4AA5A0F229E1DACB00E2AB2E /* Preview Content */,
			);
			path = Biblio;
			sourceTree = "<group>";
		};
		4AA5A0F229E1DACB00E2AB2E /* Preview Content */ = {
			isa = PBXGroup;
			children = (
				4AA5A0F329E1DACB00E2AB2E /* Preview Assets.xcassets */,
			);
			path = "Preview Content";
			sourceTree = "<group>";
		};
		4AA7CD1729E20488007E2126 /* Screens */ = {
			isa = PBXGroup;
			children = (
				4AA9289729E373EB001BA9BC /* Book Search View */,
				4AA7CD1E29E22FC7007E2126 /* BooksDisplayView.swift */,
				4A5EA81C29EC4C1C00724DBA /* BookView.swift */,
			);
			path = Screens;
			sourceTree = "<group>";
		};
		4AA7CD1929E204AA007E2126 /* Models */ = {
			isa = PBXGroup;
			children = (
				4AA7CD1A29E204CE007E2126 /* SearchResponse.swift */,
			);
			path = Models;
			sourceTree = "<group>";
		};
		4AA9289729E373EB001BA9BC /* Book Search View */ = {
			isa = PBXGroup;
			children = (
				4AA7CD1529E1E7A6007E2126 /* BookSearchView.swift */,
				4AA9289829E37408001BA9BC /* BookSearchViewModel.swift */,
			);
			path = "Book Search View";
			sourceTree = "<group>";
		};
/* End PBXGroup section */

/* Begin PBXNativeTarget section */
		4AA5A0E829E1DACA00E2AB2E /* Biblio */ = {
			isa = PBXNativeTarget;
			buildConfigurationList = 4AA5A0F729E1DACB00E2AB2E /* Build configuration list for PBXNativeTarget "Biblio" */;
			buildPhases = (
				4AA5A0E529E1DACA00E2AB2E /* Sources */,
				4AA5A0E629E1DACA00E2AB2E /* Frameworks */,
				4AA5A0E729E1DACA00E2AB2E /* Resources */,
			);
			buildRules = (
			);
			dependencies = (
			);
			name = Biblio;
			productName = Biblio;
			productReference = 4AA5A0E929E1DACA00E2AB2E /* Biblio.app */;
			productType = "com.apple.product-type.application";
		};
/* End PBXNativeTarget section */

/* Begin PBXProject section */
		4AA5A0E129E1DACA00E2AB2E /* Project object */ = {
			isa = PBXProject;
			attributes = {
				BuildIndependentTargetsInParallel = 1;
				LastSwiftUpdateCheck = 1430;
				LastUpgradeCheck = 1430;
				TargetAttributes = {
					4AA5A0E829E1DACA00E2AB2E = {
						CreatedOnToolsVersion = 14.3;
					};
				};
			};
			buildConfigurationList = 4AA5A0E429E1DACA00E2AB2E /* Build configuration list for PBXProject "Biblio" */;
			compatibilityVersion = "Xcode 14.0";
			developmentRegion = en;
			hasScannedForEncodings = 0;
			knownRegions = (
				en,
				Base,
			);
			mainGroup = 4AA5A0E029E1DACA00E2AB2E;
			productRefGroup = 4AA5A0EA29E1DACA00E2AB2E /* Products */;
			projectDirPath = "";
			projectRoot = "";
			targets = (
				4AA5A0E829E1DACA00E2AB2E /* Biblio */,
			);
		};
/* End PBXProject section */

/* Begin PBXResourcesBuildPhase section */
		4AA5A0E729E1DACA00E2AB2E /* Resources */ = {
			isa = PBXResourcesBuildPhase;
			buildActionMask = 2147483647;
			files = (
				4AA5A0F429E1DACB00E2AB2E /* Preview Assets.xcassets in Resources */,
				4AA5A0F129E1DACB00E2AB2E /* Assets.xcassets in Resources */,
			);
			runOnlyForDeploymentPostprocessing = 0;
		};
/* End PBXResourcesBuildPhase section */

/* Begin PBXSourcesBuildPhase section */
		4AA5A0E529E1DACA00E2AB2E /* Sources */ = {
			isa = PBXSourcesBuildPhase;
			buildActionMask = 2147483647;
			files = (
				4AA7CD1B29E204CE007E2126 /* SearchResponse.swift in Sources */,
				4AA7CD1F29E22FC7007E2126 /* BooksDisplayView.swift in Sources */,
				4A5EA82029EC5BB700724DBA /* RatingStarsView.swift in Sources */,
				4AA7CD1629E1E7A6007E2126 /* BookSearchView.swift in Sources */,
				4AA7CD2129E237FD007E2126 /* BookRowView.swift in Sources */,
				4AA5A0ED29E1DACA00E2AB2E /* BiblioApp.swift in Sources */,
				4A5EA81D29EC4C1C00724DBA /* BookView.swift in Sources */,
				4AA9289929E37408001BA9BC /* BookSearchViewModel.swift in Sources */,
			);
			runOnlyForDeploymentPostprocessing = 0;
		};
/* End PBXSourcesBuildPhase section */

/* Begin XCBuildConfiguration section */
		4AA5A0F529E1DACB00E2AB2E /* Debug */ = {
			isa = XCBuildConfiguration;
			buildSettings = {
				ALWAYS_SEARCH_USER_PATHS = NO;
				CLANG_ANALYZER_NONNULL = YES;
				CLANG_ANALYZER_NUMBER_OBJECT_CONVERSION = YES_AGGRESSIVE;
				CLANG_CXX_LANGUAGE_STANDARD = "gnu++20";
				CLANG_ENABLE_MODULES = YES;
				CLANG_ENABLE_OBJC_ARC = YES;
				CLANG_ENABLE_OBJC_WEAK = YES;
				CLANG_WARN_BLOCK_CAPTURE_AUTORELEASING = YES;
				CLANG_WARN_BOOL_CONVERSION = YES;
				CLANG_WARN_COMMA = YES;
				CLANG_WARN_CONSTANT_CONVERSION = YES;
				CLANG_WARN_DEPRECATED_OBJC_IMPLEMENTATIONS = YES;
				CLANG_WARN_DIRECT_OBJC_ISA_USAGE = YES_ERROR;
				CLANG_WARN_DOCUMENTATION_COMMENTS = YES;
				CLANG_WARN_EMPTY_BODY = YES;
				CLANG_WARN_ENUM_CONVERSION = YES;
				CLANG_WARN_INFINITE_RECURSION = YES;
				CLANG_WARN_INT_CONVERSION = YES;
				CLANG_WARN_NON_LITERAL_NULL_CONVERSION = YES;
				CLANG_WARN_OBJC_IMPLICIT_RETAIN_SELF = YES;
				CLANG_WARN_OBJC_LITERAL_CONVERSION = YES;
				CLANG_WARN_OBJC_ROOT_CLASS = YES_ERROR;
				CLANG_WARN_QUOTED_INCLUDE_IN_FRAMEWORK_HEADER = YES;
				CLANG_WARN_RANGE_LOOP_ANALYSIS = YES;
				CLANG_WARN_STRICT_PROTOTYPES = YES;
				CLANG_WARN_SUSPICIOUS_MOVE = YES;
				CLANG_WARN_UNGUARDED_AVAILABILITY = YES_AGGRESSIVE;
				CLANG_WARN_UNREACHABLE_CODE = YES;
				CLANG_WARN__DUPLICATE_METHOD_MATCH = YES;
				COPY_PHASE_STRIP = NO;
				DEBUG_INFORMATION_FORMAT = dwarf;
				ENABLE_STRICT_OBJC_MSGSEND = YES;
				ENABLE_TESTABILITY = YES;
				GCC_C_LANGUAGE_STANDARD = gnu11;
				GCC_DYNAMIC_NO_PIC = NO;
				GCC_NO_COMMON_BLOCKS = YES;
				GCC_OPTIMIZATION_LEVEL = 0;
				GCC_PREPROCESSOR_DEFINITIONS = (
					"DEBUG=1",
					"$(inherited)",
				);
				GCC_WARN_64_TO_32_BIT_CONVERSION = YES;
				GCC_WARN_ABOUT_RETURN_TYPE = YES_ERROR;
				GCC_WARN_UNDECLARED_SELECTOR = YES;
				GCC_WARN_UNINITIALIZED_AUTOS = YES_AGGRESSIVE;
				GCC_WARN_UNUSED_FUNCTION = YES;
				GCC_WARN_UNUSED_VARIABLE = YES;
				IPHONEOS_DEPLOYMENT_TARGET = 16.4;
				MTL_ENABLE_DEBUG_INFO = INCLUDE_SOURCE;
				MTL_FAST_MATH = YES;
				ONLY_ACTIVE_ARCH = YES;
				SDKROOT = iphoneos;
				SWIFT_ACTIVE_COMPILATION_CONDITIONS = DEBUG;
				SWIFT_OPTIMIZATION_LEVEL = "-Onone";
			};
			name = Debug;
		};
		4AA5A0F629E1DACB00E2AB2E /* Release */ = {
			isa = XCBuildConfiguration;
			buildSettings = {
				ALWAYS_SEARCH_USER_PATHS = NO;
				CLANG_ANALYZER_NONNULL = YES;
				CLANG_ANALYZER_NUMBER_OBJECT_CONVERSION = YES_AGGRESSIVE;
				CLANG_CXX_LANGUAGE_STANDARD = "gnu++20";
				CLANG_ENABLE_MODULES = YES;
				CLANG_ENABLE_OBJC_ARC = YES;
				CLANG_ENABLE_OBJC_WEAK = YES;
				CLANG_WARN_BLOCK_CAPTURE_AUTORELEASING = YES;
				CLANG_WARN_BOOL_CONVERSION = YES;
				CLANG_WARN_COMMA = YES;
				CLANG_WARN_CONSTANT_CONVERSION = YES;
				CLANG_WARN_DEPRECATED_OBJC_IMPLEMENTATIONS = YES;
				CLANG_WARN_DIRECT_OBJC_ISA_USAGE = YES_ERROR;
				CLANG_WARN_DOCUMENTATION_COMMENTS = YES;
				CLANG_WARN_EMPTY_BODY = YES;
				CLANG_WARN_ENUM_CONVERSION = YES;
				CLANG_WARN_INFINITE_RECURSION = YES;
				CLANG_WARN_INT_CONVERSION = YES;
				CLANG_WARN_NON_LITERAL_NULL_CONVERSION = YES;
				CLANG_WARN_OBJC_IMPLICIT_RETAIN_SELF = YES;
				CLANG_WARN_OBJC_LITERAL_CONVERSION = YES;
				CLANG_WARN_OBJC_ROOT_CLASS = YES_ERROR;
				CLANG_WARN_QUOTED_INCLUDE_IN_FRAMEWORK_HEADER = YES;
				CLANG_WARN_RANGE_LOOP_ANALYSIS = YES;
				CLANG_WARN_STRICT_PROTOTYPES = YES;
				CLANG_WARN_SUSPICIOUS_MOVE = YES;
				CLANG_WARN_UNGUARDED_AVAILABILITY = YES_AGGRESSIVE;
				CLANG_WARN_UNREACHABLE_CODE = YES;
				CLANG_WARN__DUPLICATE_METHOD_MATCH = YES;
				COPY_PHASE_STRIP = NO;
				DEBUG_INFORMATION_FORMAT = "dwarf-with-dsym";
				ENABLE_NS_ASSERTIONS = NO;
				ENABLE_STRICT_OBJC_MSGSEND = YES;
				GCC_C_LANGUAGE_STANDARD = gnu11;
				GCC_NO_COMMON_BLOCKS = YES;
				GCC_WARN_64_TO_32_BIT_CONVERSION = YES;
				GCC_WARN_ABOUT_RETURN_TYPE = YES_ERROR;
				GCC_WARN_UNDECLARED_SELECTOR = YES;
				GCC_WARN_UNINITIALIZED_AUTOS = YES_AGGRESSIVE;
				GCC_WARN_UNUSED_FUNCTION = YES;
				GCC_WARN_UNUSED_VARIABLE = YES;
				IPHONEOS_DEPLOYMENT_TARGET = 16.4;
				MTL_ENABLE_DEBUG_INFO = NO;
				MTL_FAST_MATH = YES;
				SDKROOT = iphoneos;
				SWIFT_COMPILATION_MODE = wholemodule;
				SWIFT_OPTIMIZATION_LEVEL = "-O";
				VALIDATE_PRODUCT = YES;
			};
			name = Release;
		};
		4AA5A0F829E1DACB00E2AB2E /* Debug */ = {
			isa = XCBuildConfiguration;
			buildSettings = {
				ASSETCATALOG_COMPILER_APPICON_NAME = AppIcon;
				ASSETCATALOG_COMPILER_GLOBAL_ACCENT_COLOR_NAME = AccentColor;
				CODE_SIGN_STYLE = Automatic;
				CURRENT_PROJECT_VERSION = 1;
				DEVELOPMENT_ASSET_PATHS = "\"Biblio/Preview Content\"";
				DEVELOPMENT_TEAM = 3A9B57WGTQ;
				ENABLE_PREVIEWS = YES;
				GENERATE_INFOPLIST_FILE = YES;
				INFOPLIST_FILE = Biblio/Info.plist;
				INFOPLIST_KEY_UIApplicationSceneManifest_Generation = YES;
				INFOPLIST_KEY_UIApplicationSupportsIndirectInputEvents = YES;
				INFOPLIST_KEY_UILaunchScreen_Generation = YES;
				INFOPLIST_KEY_UISupportedInterfaceOrientations_iPad = "UIInterfaceOrientationPortrait UIInterfaceOrientationPortraitUpsideDown UIInterfaceOrientationLandscapeLeft UIInterfaceOrientationLandscapeRight";
				INFOPLIST_KEY_UISupportedInterfaceOrientations_iPhone = "UIInterfaceOrientationPortrait UIInterfaceOrientationLandscapeLeft UIInterfaceOrientationLandscapeRight";
				LD_RUNPATH_SEARCH_PATHS = (
					"$(inherited)",
					"@executable_path/Frameworks",
				);
				MARKETING_VERSION = 1.0;
				PRODUCT_BUNDLE_IDENTIFIER = com.mocha.Biblio;
				PRODUCT_NAME = "$(TARGET_NAME)";
				SWIFT_EMIT_LOC_STRINGS = YES;
				SWIFT_VERSION = 5.0;
				TARGETED_DEVICE_FAMILY = "1,2";
			};
			name = Debug;
		};
		4AA5A0F929E1DACB00E2AB2E /* Release */ = {
			isa = XCBuildConfiguration;
			buildSettings = {
				ASSETCATALOG_COMPILER_APPICON_NAME = AppIcon;
				ASSETCATALOG_COMPILER_GLOBAL_ACCENT_COLOR_NAME = AccentColor;
				CODE_SIGN_STYLE = Automatic;
				CURRENT_PROJECT_VERSION = 1;
				DEVELOPMENT_ASSET_PATHS = "\"Biblio/Preview Content\"";
				DEVELOPMENT_TEAM = 3A9B57WGTQ;
				ENABLE_PREVIEWS = YES;
				GENERATE_INFOPLIST_FILE = YES;
				INFOPLIST_FILE = Biblio/Info.plist;
				INFOPLIST_KEY_UIApplicationSceneManifest_Generation = YES;
				INFOPLIST_KEY_UIApplicationSupportsIndirectInputEvents = YES;
				INFOPLIST_KEY_UILaunchScreen_Generation = YES;
				INFOPLIST_KEY_UISupportedInterfaceOrientations_iPad = "UIInterfaceOrientationPortrait UIInterfaceOrientationPortraitUpsideDown UIInterfaceOrientationLandscapeLeft UIInterfaceOrientationLandscapeRight";
				INFOPLIST_KEY_UISupportedInterfaceOrientations_iPhone = "UIInterfaceOrientationPortrait UIInterfaceOrientationLandscapeLeft UIInterfaceOrientationLandscapeRight";
				LD_RUNPATH_SEARCH_PATHS = (
					"$(inherited)",
					"@executable_path/Frameworks",
				);
				MARKETING_VERSION = 1.0;
				PRODUCT_BUNDLE_IDENTIFIER = com.mocha.Biblio;
				PRODUCT_NAME = "$(TARGET_NAME)";
				SWIFT_EMIT_LOC_STRINGS = YES;
				SWIFT_VERSION = 5.0;
				TARGETED_DEVICE_FAMILY = "1,2";
			};
			name = Release;
		};
/* End XCBuildConfiguration section */

/* Begin XCConfigurationList section */
		4AA5A0E429E1DACA00E2AB2E /* Build configuration list for PBXProject "Biblio" */ = {
			isa = XCConfigurationList;
			buildConfigurations = (
				4AA5A0F529E1DACB00E2AB2E /* Debug */,
				4AA5A0F629E1DACB00E2AB2E /* Release */,
			);
			defaultConfigurationIsVisible = 0;
			defaultConfigurationName = Release;
		};
		4AA5A0F729E1DACB00E2AB2E /* Build configuration list for PBXNativeTarget "Biblio" */ = {
			isa = XCConfigurationList;
			buildConfigurations = (
				4AA5A0F829E1DACB00E2AB2E /* Debug */,
				4AA5A0F929E1DACB00E2AB2E /* Release */,
			);
			defaultConfigurationIsVisible = 0;
			defaultConfigurationName = Release;
		};
/* End XCConfigurationList section */
	};
	rootObject = 4AA5A0E129E1DACA00E2AB2E /* Project object */;
}
